
Microsoft Visual Studio Solution File, Format Version 12.00
# Visual Studio Version 17
VisualStudioVersion = 17.0.32014.148
MinimumVisualStudioVersion = 10.0.40219.1
Project("{9A19103F-16F7-4668-BE54-9A1E7A4F7556}") = "AMSExplorer", "AMSExplorer\AMSExplorer.csproj", "{2E966CF2-2263-4C88-8E5B-A8AA5B3B45A7}"
EndProject
Project("{54435603-DBB4-11D2-8724-00A0C9A8B90C}") = "Setup", "Setup\Setup.vdproj", "{D45BCFCA-27F2-418A-A14F-35710032B616}"
EndProject
Global
	GlobalSection(SolutionConfigurationPlatforms) = preSolution
		Debug|Any CPU = Debug|Any CPU
		Release|Any CPU = Release|Any CPU
	EndGlobalSection
	GlobalSection(ProjectConfigurationPlatforms) = postSolution
		{2E966CF2-2263-4C88-8E5B-A8AA5B3B45A7}.Debug|Any CPU.ActiveCfg = Debug|Any CPU
		{2E966CF2-2263-4C88-8E5B-A8AA5B3B45A7}.Debug|Any CPU.Build.0 = Debug|Any CPU
		{2E966CF2-2263-4C88-8E5B-A8AA5B3B45A7}.Release|Any CPU.ActiveCfg = Release|Any CPU
		{2E966CF2-2263-4C88-8E5B-A8AA5B3B45A7}.Release|Any CPU.Build.0 = Release|Any CPU
		{D45BCFCA-27F2-418A-A14F-35710032B616}.Debug|Any CPU.ActiveCfg = Debug
		{D45BCFCA-27F2-418A-A14F-35710032B616}.Release|Any CPU.ActiveCfg = Release
		{D45BCFCA-27F2-418A-A14F-35710032B616}.Release|Any CPU.Build.0 = Release
	EndGlobalSection
	GlobalSection(SolutionProperties) = preSolution
		HideSolutionNode = FALSE
	EndGlobalSection
	GlobalSection(ExtensibilityGlobals) = postSolution
		SolutionGuid = {4C3FB216-3DD5-4013-B9CA-60FA551F3F8C}
	EndGlobalSection
EndGlobal
